
Microsoft Visual Studio Solution File, Format Version 12.00
# Visual Studio Version 17
VisualStudioVersion = 17.5.33530.505
MinimumVisualStudioVersion = 10.0.40219.1
Project("{FAE04EC0-301F-11D3-BF4B-00C04F79EFBC}") = "Klimatkalkyl", "Klimatkalkyl.csproj", "{14EF8F93-B443-4682-87B8-10542403438D}"
EndProject
Global
	GlobalSection(SolutionConfigurationPlatforms) = preSolution
		Debug|Any CPU = Debug|Any CPU
		Release|Any CPU = Release|Any CPU
	EndGlobalSection
	GlobalSection(ProjectConfigurationPlatforms) = postSolution
		{14EF8F93-B443-4682-87B8-10542403438D}.Debug|Any CPU.ActiveCfg = Debug|Any CPU
		{14EF8F93-B443-4682-87B8-10542403438D}.Debug|Any CPU.Build.0 = Debug|Any CPU
		{14EF8F93-B443-4682-87B8-10542403438D}.Release|Any CPU.ActiveCfg = Release|Any CPU
		{14EF8F93-B443-4682-87B8-10542403438D}.Release|Any CPU.Build.0 = Release|Any CPU
	EndGlobalSection
	GlobalSection(SolutionProperties) = preSolution
		HideSolutionNode = FALSE
	EndGlobalSection
	GlobalSection(ExtensibilityGlobals) = postSolution
		SolutionGuid = {052E6154-0FF9-4E1B-A302-DE7C26CF172A}
	EndGlobalSection
EndGlobal
